
Microsoft Visual Studio Solution File, Format Version 12.00
# Visual Studio Version 17
VisualStudioVersion = 17.0.32126.317
MinimumVisualStudioVersion = 10.0.40219.1
Project("{FAE04EC0-301F-11D3-BF4B-00C04F79EFBC}") = "Class01 GitHub", "Class01 GitHub\Class01 GitHub.csproj", "{4B6CAEE3-01D0-48CF-9A45-D4F4549118CC}"
EndProject
Global
	GlobalSection(SolutionConfigurationPlatforms) = preSolution
		Debug|Any CPU = Debug|Any CPU
		Release|Any CPU = Release|Any CPU
	EndGlobalSection
	GlobalSection(ProjectConfigurationPlatforms) = postSolution
		{4B6CAEE3-01D0-48CF-9A45-D4F4549118CC}.Debug|Any CPU.ActiveCfg = Debug|Any CPU
		{4B6CAEE3-01D0-48CF-9A45-D4F4549118CC}.Debug|Any CPU.Build.0 = Debug|Any CPU
		{4B6CAEE3-01D0-48CF-9A45-D4F4549118CC}.Release|Any CPU.ActiveCfg = Release|Any CPU
		{4B6CAEE3-01D0-48CF-9A45-D4F4549118CC}.Release|Any CPU.Build.0 = Release|Any CPU
	EndGlobalSection
	GlobalSection(SolutionProperties) = preSolution
		HideSolutionNode = FALSE
	EndGlobalSection
	GlobalSection(ExtensibilityGlobals) = postSolution
		SolutionGuid = {6D4C4296-E9D7-4532-912F-308B74AC88C9}
	EndGlobalSection
EndGlobal
